
Microsoft Visual Studio Solution File, Format Version 12.00
# Visual Studio for Mac
Project("{FAE04EC0-301F-11D3-BF4B-00C04F79EFBC}") = "Assembly-CSharp", "Assembly-CSharp.csproj", "{DE9721D5-C7DF-78E8-946E-36594EE45AB5}"
EndProject
Project("{FAE04EC0-301F-11D3-BF4B-00C04F79EFBC}") = "Assembly-CSharp-Editor", "Assembly-CSharp-Editor.csproj", "{336E6587-4AE2-AA1A-D85D-71659DF21278}"
EndProject
Global
	GlobalSection(SolutionConfigurationPlatforms) = preSolution
		Debug|Any CPU = Debug|Any CPU
		Release|Any CPU = Release|Any CPU
	EndGlobalSection
	GlobalSection(ProjectConfigurationPlatforms) = postSolution
		{DE9721D5-C7DF-78E8-946E-36594EE45AB5}.Debug|Any CPU.ActiveCfg = Debug|Any CPU
		{DE9721D5-C7DF-78E8-946E-36594EE45AB5}.Debug|Any CPU.Build.0 = Debug|Any CPU
		{DE9721D5-C7DF-78E8-946E-36594EE45AB5}.Release|Any CPU.ActiveCfg = Release|Any CPU
		{DE9721D5-C7DF-78E8-946E-36594EE45AB5}.Release|Any CPU.Build.0 = Release|Any CPU
		{336E6587-4AE2-AA1A-D85D-71659DF21278}.Debug|Any CPU.ActiveCfg = Debug|Any CPU
		{336E6587-4AE2-AA1A-D85D-71659DF21278}.Debug|Any CPU.Build.0 = Debug|Any CPU
		{336E6587-4AE2-AA1A-D85D-71659DF21278}.Release|Any CPU.ActiveCfg = Release|Any CPU
		{336E6587-4AE2-AA1A-D85D-71659DF21278}.Release|Any CPU.Build.0 = Release|Any CPU
	EndGlobalSection
	GlobalSection(SolutionProperties) = preSolution
		HideSolutionNode = FALSE
	EndGlobalSection
EndGlobal
